<?xml version="1.0" encoding="utf-8"?>
<Project ToolsVersion="4.0" xmlns="http://schemas.microsoft.com/developer/msbuild/2003">
  <ItemGroup>
    <Filter Include="zlib">
      <UniqueIdentifier>{75aabeba-4d5a-48b3-a6fe-9937e32ea3bb}</UniqueIdentifier>
    </Filter>
  </ItemGroup>
  <ItemGroup>
    <ClCompile Include="$(dep_b070feef_eef6_43ad_a456_4317cf4a66b1_zlib)\adler32.c">
      <Filter>zlib</Filter>
    </ClCompile>
    <ClCompile Include="$(dep_b070feef_eef6_43ad_a456_4317cf4a66b1_zlib)\compress.c">
      <Filter>zlib</Filter>
    </ClCompile>
    <ClCompile Include="$(dep_b070feef_eef6_43ad_a456_4317cf4a66b1_zlib)\crc32.c">
      <Filter>zlib</Filter>
    </ClCompile>
    <ClCompile Include="$(dep_b070feef_eef6_43ad_a456_4317cf4a66b1_zlib)\deflate.c">
      <Filter>zlib</Filter>
    </ClCompile>
    <ClCompile Include="$(dep_b070feef_eef6_43ad_a456_4317cf4a66b1_zlib)\gzclose.c">
      <Filter>zlib</Filter>
    </ClCompile>
    <ClCompile Include="$(dep_b070feef_eef6_43ad_a456_4317cf4a66b1_zlib)\gzlib.c">
      <Filter>zlib</Filter>
    </ClCompile>
    <ClCompile Include="$(dep_b070feef_eef6_43ad_a456_4317cf4a66b1_zlib)\gzread.c">
      <Filter>zlib</Filter>
    </ClCompile>
    <ClCompile Include="$(dep_b070feef_eef6_43ad_a456_4317cf4a66b1_zlib)\gzwrite.c">
      <Filter>zlib</Filter>
    </ClCompile>
    <ClCompile Include="$(dep_b070feef_eef6_43ad_a456_4317cf4a66b1_zlib)\infback.c">
      <Filter>zlib</Filter>
    </ClCompile>
    <ClCompile Include="$(dep_b070feef_eef6_43ad_a456_4317cf4a66b1_zlib)\inffast.c">
      <Filter>zlib</Filter>
    </ClCompile>
    <ClCompile Include="$(dep_b070feef_eef6_43ad_a456_4317cf4a66b1_zlib)\inflate.c">
      <Filter>zlib</Filter>
    </ClCompile>
    <ClCompile Include="$(dep_b070feef_eef6_43ad_a456_4317cf4a66b1_zlib)\inftrees.c">
      <Filter>zlib</Filter>
    </ClCompile>
    <ClCompile Include="$(dep_b070feef_eef6_43ad_a456_4317cf4a66b1_zlib)\trees.c">
      <Filter>zlib</Filter>
    </ClCompile>
    <ClCompile Include="$(dep_b070feef_eef6_43ad_a456_4317cf4a66b1_zlib)\uncompr.c">
      <Filter>zlib</Filter>
    </ClCompile>
    <ClCompile Include="$(dep_b070feef_eef6_43ad_a456_4317cf4a66b1_zlib)\zutil.c">
      <Filter>zlib</Filter>
    </ClCompile>
    <ClCompile Include="src\gzip_filter.cpp" />
  </ItemGroup>
  <ItemGroup>
    <ClInclude Include="include\zlib\gzip_filter.hpp" />
  </ItemGroup>
</Project>